
Microsoft Visual Studio Solution File, Format Version 12.00
# Visual Studio Version 17
VisualStudioVersion = 17.11.35208.52
MinimumVisualStudioVersion = 10.0.40219.1
Project("{9A19103F-16F7-4668-BE54-9A1E7A4F7556}") = "HumJ.TankRemake.BlazorServer", "HumJ.TankRemake.BlazorServer\HumJ.TankRemake.BlazorServer.csproj", "{694BA318-9E1C-4942-991A-49FD4983C473}"
EndProject
Project("{9A19103F-16F7-4668-BE54-9A1E7A4F7556}") = "HumJ.TankRemake.GameCore", "HumJ.TankRemake.GameCore\HumJ.TankRemake.GameCore.csproj", "{F60912AB-2357-4EF4-A692-A889A3348EED}"
EndProject
Project("{2150E333-8FDC-42A3-9474-1A3956D46DE8}") = "Solution Items", "Solution Items", "{27C2B218-7D00-4E38-B6E9-44BDBE554BE3}"
	ProjectSection(SolutionItems) = preProject
		README.md = README.md
	EndProjectSection
EndProject
Global
	GlobalSection(SolutionConfigurationPlatforms) = preSolution
		Debug|Any CPU = Debug|Any CPU
		Release|Any CPU = Release|Any CPU
	EndGlobalSection
	GlobalSection(ProjectConfigurationPlatforms) = postSolution
		{694BA318-9E1C-4942-991A-49FD4983C473}.Debug|Any CPU.ActiveCfg = Debug|Any CPU
		{694BA318-9E1C-4942-991A-49FD4983C473}.Debug|Any CPU.Build.0 = Debug|Any CPU
		{694BA318-9E1C-4942-991A-49FD4983C473}.Release|Any CPU.ActiveCfg = Release|Any CPU
		{694BA318-9E1C-4942-991A-49FD4983C473}.Release|Any CPU.Build.0 = Release|Any CPU
		{F60912AB-2357-4EF4-A692-A889A3348EED}.Debug|Any CPU.ActiveCfg = Debug|Any CPU
		{F60912AB-2357-4EF4-A692-A889A3348EED}.Debug|Any CPU.Build.0 = Debug|Any CPU
		{F60912AB-2357-4EF4-A692-A889A3348EED}.Release|Any CPU.ActiveCfg = Release|Any CPU
		{F60912AB-2357-4EF4-A692-A889A3348EED}.Release|Any CPU.Build.0 = Release|Any CPU
	EndGlobalSection
	GlobalSection(SolutionProperties) = preSolution
		HideSolutionNode = FALSE
	EndGlobalSection
	GlobalSection(ExtensibilityGlobals) = postSolution
		SolutionGuid = {CB5357DD-C1B4-4FBF-99FD-3528EB1B9E0E}
	EndGlobalSection
EndGlobal
